Microsoft Visual Studio Solution File, Format Version 12.00
# Visual Studio Version 17
VisualStudioVersion = 17.5.2.0
MinimumVisualStudioVersion = 10.0.40219.1
Project("{FAE04EC0-301F-11D3-BF4B-00C04F79EFBC}") = "learning_app", "learning_app.csproj", "{51C5C860-46FD-80B5-6B93-A40DE450F040}"
EndProject
Global
	GlobalSection(SolutionConfigurationPlatforms) = preSolution
		Debug|Any CPU = Debug|Any CPU
		Release|Any CPU = Release|Any CPU
	EndGlobalSection
	GlobalSection(ProjectConfigurationPlatforms) = postSolution
		{51C5C860-46FD-80B5-6B93-A40DE450F040}.Debug|Any CPU.ActiveCfg = Debug|Any CPU
		{51C5C860-46FD-80B5-6B93-A40DE450F040}.Debug|Any CPU.Build.0 = Debug|Any CPU
		{51C5C860-46FD-80B5-6B93-A40DE450F040}.Release|Any CPU.ActiveCfg = Release|Any CPU
		{51C5C860-46FD-80B5-6B93-A40DE450F040}.Release|Any CPU.Build.0 = Release|Any CPU
	EndGlobalSection
	GlobalSection(SolutionProperties) = preSolution
		HideSolutionNode = FALSE
	EndGlobalSection
	GlobalSection(ExtensibilityGlobals) = postSolution
		SolutionGuid = {87C7F40B-44C5-4543-B4CE-2180E3F31F08}
	EndGlobalSection
EndGlobal
